
Microsoft Visual Studio Solution File, Format Version 12.00
# Visual Studio Version 17
VisualStudioVersion = 17.10.34916.146
MinimumVisualStudioVersion = 10.0.40219.1
Project("{2150E333-8FDC-42A3-9474-1A3956D46DE8}") = "Src", "Src", "{9FF1D50D-BFCC-4307-9968-57EB8268C88D}"
EndProject
Project("{2150E333-8FDC-42A3-9474-1A3956D46DE8}") = "tests", "tests", "{30CB21C1-1451-4C9C-BBC8-08FA1730DC3A}"
EndProject
Project("{2150E333-8FDC-42A3-9474-1A3956D46DE8}") = "Api", "Api", "{74D98EC0-8889-4D66-884D-07616CC56286}"
EndProject
Project("{2150E333-8FDC-42A3-9474-1A3956D46DE8}") = "Application", "Application", "{96C3D7AE-1BE2-486C-AC4A-33F051A2D4DD}"
EndProject
Project("{2150E333-8FDC-42A3-9474-1A3956D46DE8}") = "Domain", "Domain", "{9CD6D5DB-3C07-462D-911A-986737F26F94}"
EndProject
Project("{2150E333-8FDC-42A3-9474-1A3956D46DE8}") = "Infrastructure", "Infrastructure", "{BFD7E06C-9384-43CC-B344-A7A401034DA0}"
EndProject
Project("{2150E333-8FDC-42A3-9474-1A3956D46DE8}") = "Persistence", "Persistence", "{DDD0DD9E-7227-4985-9154-7ADDE2C8157D}"
EndProject
Project("{2150E333-8FDC-42A3-9474-1A3956D46DE8}") = "Shared", "Shared", "{F2E6B942-8EBC-49AC-B3D5-BBD983CE247C}"
EndProject
Project("{2150E333-8FDC-42A3-9474-1A3956D46DE8}") = "UnitTests", "UnitTests", "{246E92A0-FAE2-41D8-9FF1-4EE7938B7CEE}"
EndProject
Project("{2150E333-8FDC-42A3-9474-1A3956D46DE8}") = "IntegrationTests", "IntegrationTests", "{27C39F76-3169-4197-AD27-ABAAD18C813F}"
EndProject
Project("{2150E333-8FDC-42A3-9474-1A3956D46DE8}") = "ArchitectureTests", "ArchitectureTests", "{F7DD1D6C-BE8D-40EE-8EA4-C6C61581D2E5}"
EndProject
Project("{9A19103F-16F7-4668-BE54-9A1E7A4F7556}") = "CRM.Domain", "CRM.Domain\CRM.Domain.csproj", "{16D75F64-25BA-44B7-84C3-4B8578F7DECB}"
EndProject
Project("{9A19103F-16F7-4668-BE54-9A1E7A4F7556}") = "CRM.Application", "CRM.Application\CRM.Application.csproj", "{ADC0D053-DBDA-4926-A69D-4AFA140ABA36}"
EndProject
Project("{9A19103F-16F7-4668-BE54-9A1E7A4F7556}") = "CRM.Infrastructure", "CRM.Infrastructure\CRM.Infrastructure.csproj", "{2F63C0DF-173A-4961-86DB-CDFC7BC2C493}"
EndProject
Project("{9A19103F-16F7-4668-BE54-9A1E7A4F7556}") = "CRM.Persistence", "CRM.Persistence\CRM.Persistence.csproj", "{14F1A2E4-7A13-4957-929B-76111A13BE9D}"
EndProject
Project("{9A19103F-16F7-4668-BE54-9A1E7A4F7556}") = "CRM.Shared", "CRM.Shared\CRM.Shared.csproj", "{6E2F7A63-0AB7-4045-8175-FE3EF993A312}"
EndProject
Project("{9A19103F-16F7-4668-BE54-9A1E7A4F7556}") = "CRM.API", "CRM.API\CRM.API.csproj", "{1539F890-9822-4438-AEF7-238F9D3E6CA1}"
EndProject
Project("{9A19103F-16F7-4668-BE54-9A1E7A4F7556}") = "CRM.UnitTests", "CRM.UnitTests\CRM.UnitTests.csproj", "{5C0F8197-6AD3-44B6-BAB8-185ECCF21FA9}"
EndProject
Project("{9A19103F-16F7-4668-BE54-9A1E7A4F7556}") = "CRM.IntegrationTests", "CRM.IntegrationTests\CRM.IntegrationTests.csproj", "{E3EEE2AF-281A-4E19-9BC7-D997B792824D}"
EndProject
Project("{9A19103F-16F7-4668-BE54-9A1E7A4F7556}") = "CRM.ArchitectureTests", "CRM.ArchitectureTests\CRM.ArchitectureTests.csproj", "{3B5CB8E7-DCC6-494A-AE47-5F1A81795B54}"
EndProject
Project("{2150E333-8FDC-42A3-9474-1A3956D46DE8}") = "Memory", "Memory", "{73FF60FC-1637-49B4-A842-FB1C7567E53C}"
EndProject
Global
	GlobalSection(SolutionConfigurationPlatforms) = preSolution
		Debug|Any CPU = Debug|Any CPU
		Release|Any CPU = Release|Any CPU
	EndGlobalSection
	GlobalSection(ProjectConfigurationPlatforms) = postSolution
		{16D75F64-25BA-44B7-84C3-4B8578F7DECB}.Debug|Any CPU.ActiveCfg = Debug|Any CPU
		{16D75F64-25BA-44B7-84C3-4B8578F7DECB}.Debug|Any CPU.Build.0 = Debug|Any CPU
		{16D75F64-25BA-44B7-84C3-4B8578F7DECB}.Release|Any CPU.ActiveCfg = Release|Any CPU
		{16D75F64-25BA-44B7-84C3-4B8578F7DECB}.Release|Any CPU.Build.0 = Release|Any CPU
		{ADC0D053-DBDA-4926-A69D-4AFA140ABA36}.Debug|Any CPU.ActiveCfg = Debug|Any CPU
		{ADC0D053-DBDA-4926-A69D-4AFA140ABA36}.Debug|Any CPU.Build.0 = Debug|Any CPU
		{ADC0D053-DBDA-4926-A69D-4AFA140ABA36}.Release|Any CPU.ActiveCfg = Release|Any CPU
		{ADC0D053-DBDA-4926-A69D-4AFA140ABA36}.Release|Any CPU.Build.0 = Release|Any CPU
		{2F63C0DF-173A-4961-86DB-CDFC7BC2C493}.Debug|Any CPU.ActiveCfg = Debug|Any CPU
		{2F63C0DF-173A-4961-86DB-CDFC7BC2C493}.Debug|Any CPU.Build.0 = Debug|Any CPU
		{2F63C0DF-173A-4961-86DB-CDFC7BC2C493}.Release|Any CPU.ActiveCfg = Release|Any CPU
		{2F63C0DF-173A-4961-86DB-CDFC7BC2C493}.Release|Any CPU.Build.0 = Release|Any CPU
		{14F1A2E4-7A13-4957-929B-76111A13BE9D}.Debug|Any CPU.ActiveCfg = Debug|Any CPU
		{14F1A2E4-7A13-4957-929B-76111A13BE9D}.Debug|Any CPU.Build.0 = Debug|Any CPU
		{14F1A2E4-7A13-4957-929B-76111A13BE9D}.Release|Any CPU.ActiveCfg = Release|Any CPU
		{14F1A2E4-7A13-4957-929B-76111A13BE9D}.Release|Any CPU.Build.0 = Release|Any CPU
		{6E2F7A63-0AB7-4045-8175-FE3EF993A312}.Debug|Any CPU.ActiveCfg = Debug|Any CPU
		{6E2F7A63-0AB7-4045-8175-FE3EF993A312}.Debug|Any CPU.Build.0 = Debug|Any CPU
		{6E2F7A63-0AB7-4045-8175-FE3EF993A312}.Release|Any CPU.ActiveCfg = Release|Any CPU
		{6E2F7A63-0AB7-4045-8175-FE3EF993A312}.Release|Any CPU.Build.0 = Release|Any CPU
		{1539F890-9822-4438-AEF7-238F9D3E6CA1}.Debug|Any CPU.ActiveCfg = Debug|Any CPU
		{1539F890-9822-4438-AEF7-238F9D3E6CA1}.Debug|Any CPU.Build.0 = Debug|Any CPU
		{1539F890-9822-4438-AEF7-238F9D3E6CA1}.Release|Any CPU.ActiveCfg = Release|Any CPU
		{1539F890-9822-4438-AEF7-238F9D3E6CA1}.Release|Any CPU.Build.0 = Release|Any CPU
		{5C0F8197-6AD3-44B6-BAB8-185ECCF21FA9}.Debug|Any CPU.ActiveCfg = Debug|Any CPU
		{5C0F8197-6AD3-44B6-BAB8-185ECCF21FA9}.Debug|Any CPU.Build.0 = Debug|Any CPU
		{5C0F8197-6AD3-44B6-BAB8-185ECCF21FA9}.Release|Any CPU.ActiveCfg = Release|Any CPU
		{5C0F8197-6AD3-44B6-BAB8-185ECCF21FA9}.Release|Any CPU.Build.0 = Release|Any CPU
		{E3EEE2AF-281A-4E19-9BC7-D997B792824D}.Debug|Any CPU.ActiveCfg = Debug|Any CPU
		{E3EEE2AF-281A-4E19-9BC7-D997B792824D}.Debug|Any CPU.Build.0 = Debug|Any CPU
		{E3EEE2AF-281A-4E19-9BC7-D997B792824D}.Release|Any CPU.ActiveCfg = Release|Any CPU
		{E3EEE2AF-281A-4E19-9BC7-D997B792824D}.Release|Any CPU.Build.0 = Release|Any CPU
		{3B5CB8E7-DCC6-494A-AE47-5F1A81795B54}.Debug|Any CPU.ActiveCfg = Debug|Any CPU
		{3B5CB8E7-DCC6-494A-AE47-5F1A81795B54}.Debug|Any CPU.Build.0 = Debug|Any CPU
		{3B5CB8E7-DCC6-494A-AE47-5F1A81795B54}.Release|Any CPU.ActiveCfg = Release|Any CPU
		{3B5CB8E7-DCC6-494A-AE47-5F1A81795B54}.Release|Any CPU.Build.0 = Release|Any CPU
	EndGlobalSection
	GlobalSection(SolutionProperties) = preSolution
		HideSolutionNode = FALSE
	EndGlobalSection
	GlobalSection(NestedProjects) = preSolution
		{74D98EC0-8889-4D66-884D-07616CC56286} = {9FF1D50D-BFCC-4307-9968-57EB8268C88D}
		{96C3D7AE-1BE2-486C-AC4A-33F051A2D4DD} = {9FF1D50D-BFCC-4307-9968-57EB8268C88D}
		{9CD6D5DB-3C07-462D-911A-986737F26F94} = {9FF1D50D-BFCC-4307-9968-57EB8268C88D}
		{BFD7E06C-9384-43CC-B344-A7A401034DA0} = {9FF1D50D-BFCC-4307-9968-57EB8268C88D}
		{DDD0DD9E-7227-4985-9154-7ADDE2C8157D} = {9FF1D50D-BFCC-4307-9968-57EB8268C88D}
		{F2E6B942-8EBC-49AC-B3D5-BBD983CE247C} = {9FF1D50D-BFCC-4307-9968-57EB8268C88D}
		{246E92A0-FAE2-41D8-9FF1-4EE7938B7CEE} = {30CB21C1-1451-4C9C-BBC8-08FA1730DC3A}
		{27C39F76-3169-4197-AD27-ABAAD18C813F} = {30CB21C1-1451-4C9C-BBC8-08FA1730DC3A}
		{F7DD1D6C-BE8D-40EE-8EA4-C6C61581D2E5} = {30CB21C1-1451-4C9C-BBC8-08FA1730DC3A}
		{16D75F64-25BA-44B7-84C3-4B8578F7DECB} = {9CD6D5DB-3C07-462D-911A-986737F26F94}
		{ADC0D053-DBDA-4926-A69D-4AFA140ABA36} = {96C3D7AE-1BE2-486C-AC4A-33F051A2D4DD}
		{2F63C0DF-173A-4961-86DB-CDFC7BC2C493} = {BFD7E06C-9384-43CC-B344-A7A401034DA0}
		{14F1A2E4-7A13-4957-929B-76111A13BE9D} = {DDD0DD9E-7227-4985-9154-7ADDE2C8157D}
		{6E2F7A63-0AB7-4045-8175-FE3EF993A312} = {F2E6B942-8EBC-49AC-B3D5-BBD983CE247C}
		{1539F890-9822-4438-AEF7-238F9D3E6CA1} = {74D98EC0-8889-4D66-884D-07616CC56286}
		{5C0F8197-6AD3-44B6-BAB8-185ECCF21FA9} = {246E92A0-FAE2-41D8-9FF1-4EE7938B7CEE}
		{E3EEE2AF-281A-4E19-9BC7-D997B792824D} = {27C39F76-3169-4197-AD27-ABAAD18C813F}
		{3B5CB8E7-DCC6-494A-AE47-5F1A81795B54} = {F7DD1D6C-BE8D-40EE-8EA4-C6C61581D2E5}
	EndGlobalSection
	GlobalSection(ExtensibilityGlobals) = postSolution
		SolutionGuid = {B26A5F4A-D5D3-42CF-90D1-B69FF6ABFF13}
	EndGlobalSection
EndGlobal
